# This file is generated by running "yarn install" inside your project.
# Manual changes might be lost - proceed with caution!

__metadata:
  version: 5
  cacheKey: 8

"bootstrap@npm:4.0.0":
  version: 4.0.0
  resolution: "bootstrap@npm:4.0.0"
  peerDependencies:
    jquery: 1.9.1 - 3
    popper.js: ^1.12.9
  checksum: d1dafa85292a37562c93c300600d7428e0c51cc33abe33c8a363e4f4bfd0199f0081fea03b8430c65b6ece618390e54d63c2a7d6254a2e197ce06525bcde8ad1
  languageName: node
  linkType: hard

"test@workspace:.":
  version: 0.0.0-use.local
  resolution: "test@workspace:."
  dependencies:
    bootstrap: 4.0.0
  languageName: unknown
  linkType: soft
